// !$*UTF8*$!
{
	archiveVersion = 1;
	classes = {
	};
	objectVersion = 50;
	objects = {

/* Begin PBXBuildFile section */
		0F6B804D5607C8EA37821584 /* Pods_SliderSample.framework in Frameworks */ = {isa = PBXBuildFile; fileRef = FF2D71ED4AE03F214959F38F /* Pods_SliderSample.framework */; };
		EF45F3EA22CAE32400BB4C2C /* AppDelegate.swift in Sources */ = {isa = PBXBuildFile; fileRef = EF45F3E922CAE32400BB4C2C /* AppDelegate.swift */; };
		EF45F3EC22CAE32400BB4C2C /* ViewController.swift in Sources */ = {isa = PBXBuildFile; fileRef = EF45F3EB22CAE32400BB4C2C /* ViewController.swift */; };
		EF45F3EF22CAE32400BB4C2C /* Main.storyboard in Resources */ = {isa = PBXBuildFile; fileRef = EF45F3ED22CAE32400BB4C2C /* Main.storyboard */; };
		EF45F3F222CAE32400BB4C2C /* SliderSample.xcdatamodeld in Sources */ = {isa = PBXBuildFile; fileRef = EF45F3F022CAE32400BB4C2C /* SliderSample.xcdatamodeld */; };
		EF45F3F422CAE32500BB4C2C /* Assets.xcassets in Resources */ = {isa = PBXBuildFile; fileRef = EF45F3F322CAE32500BB4C2C /* Assets.xcassets */; };
		EF45F3F722CAE32500BB4C2C /* LaunchScreen.storyboard in Resources */ = {isa = PBXBuildFile; fileRef = EF45F3F522CAE32500BB4C2C /* LaunchScreen.storyboard */; };
/* End PBXBuildFile section */

/* Begin PBXFileReference section */
		000A6F1B1F9DF910EA9A7CAA /* Pods-SliderSample.release.xcconfig */ = {isa = PBXFileReference; includeInIndex = 1; lastKnownFileType = text.xcconfig; name = "Pods-SliderSample.release.xcconfig"; path = "Pods/Target Support Files/Pods-SliderSample/Pods-SliderSample.release.xcconfig"; sourceTree = "<group>"; };
		A5C14F6E17D300DC976D818E /* Pods-SliderSample.debug.xcconfig */ = {isa = PBXFileReference; includeInIndex = 1; lastKnownFileType = text.xcconfig; name = "Pods-SliderSample.debug.xcconfig"; path = "Pods/Target Support Files/Pods-SliderSample/Pods-SliderSample.debug.xcconfig"; sourceTree = "<group>"; };
		EF45F3E622CAE32400BB4C2C /* SliderSample.app */ = {isa = PBXFileReference; explicitFileType = wrapper.application; includeInIndex = 0; path = SliderSample.app; sourceTree = BUILT_PRODUCTS_DIR; };
		EF45F3E922CAE32400BB4C2C /* AppDelegate.swift */ = {isa = PBXFileReference; lastKnownFileType = sourcecode.swift; path = AppDelegate.swift; sourceTree = "<group>"; };
		EF45F3EB22CAE32400BB4C2C /* ViewController.swift */ = {isa = PBXFileReference; lastKnownFileType = sourcecode.swift; path = ViewController.swift; sourceTree = "<group>"; };
		EF45F3EE22CAE32400BB4C2C /* Base */ = {isa = PBXFileReference; lastKnownFileType = file.storyboard; name = Base; path = Base.lproj/Main.storyboard; sourceTree = "<group>"; };
		EF45F3F122CAE32400BB4C2C /* SliderSample.xcdatamodel */ = {isa = PBXFileReference; lastKnownFileType = wrapper.xcdatamodel; path = SliderSample.xcdatamodel; sourceTree = "<group>"; };
		EF45F3F322CAE32500BB4C2C /* Assets.xcassets */ = {isa = PBXFileReference; lastKnownFileType = folder.assetcatalog; path = Assets.xcassets; sourceTree = "<group>"; };
		EF45F3F622CAE32500BB4C2C /* Base */ = {isa = PBXFileReference; lastKnownFileType = file.storyboard; name = Base; path = Base.lproj/LaunchScreen.storyboard; sourceTree = "<group>"; };
		EF45F3F822CAE32500BB4C2C /* Info.plist */ = {isa = PBXFileReference; lastKnownFileType = text.plist.xml; path = Info.plist; sourceTree = "<group>"; };
		FF2D71ED4AE03F214959F38F /* Pods_SliderSample.framework */ = {isa = PBXFileReference; explicitFileType = wrapper.framework; includeInIndex = 0; path = Pods_SliderSample.framework; sourceTree = BUILT_PRODUCTS_DIR; };
/* End PBXFileReference section */

/* Begin PBXFrameworksBuildPhase section */
		EF45F3E322CAE32400BB4C2C /* Frameworks */ = {
			isa = PBXFrameworksBuildPhase;
			buildActionMask = 2147483647;
			files = (
				0F6B804D5607C8EA37821584 /* Pods_SliderSample.framework in Frameworks */,
			);
			runOnlyForDeploymentPostprocessing = 0;
		};
/* End PBXFrameworksBuildPhase section */

/* Begin PBXGroup section */
		0C7D92A1754893637D675121 /* Frameworks */ = {
			isa = PBXGroup;
			children = (
				FF2D71ED4AE03F214959F38F /* Pods_SliderSample.framework */,
			);
			name = Frameworks;
			sourceTree = "<group>";
		};
		47164AEFB0DC79FB42F258F3 /* Pods */ = {
			isa = PBXGroup;
			children = (
				A5C14F6E17D300DC976D818E /* Pods-SliderSample.debug.xcconfig */,
				000A6F1B1F9DF910EA9A7CAA /* Pods-SliderSample.release.xcconfig */,
			);
			name = Pods;
			sourceTree = "<group>";
		};
		EF45F3DD22CAE32400BB4C2C = {
			isa = PBXGroup;
			children = (
				EF45F3E822CAE32400BB4C2C /* SliderSample */,
				EF45F3E722CAE32400BB4C2C /* Products */,
				47164AEFB0DC79FB42F258F3 /* Pods */,
				0C7D92A1754893637D675121 /* Frameworks */,
			);
			sourceTree = "<group>";
		};
		EF45F3E722CAE32400BB4C2C /* Products */ = {
			isa = PBXGroup;
			children = (
				EF45F3E622CAE32400BB4C2C /* SliderSample.app */,
			);
			name = Products;
			sourceTree = "<group>";
		};
		EF45F3E822CAE32400BB4C2C /* SliderSample */ = {
			isa = PBXGroup;
			children = (
				EF45F3E922CAE32400BB4C2C /* AppDelegate.swift */,
				EF45F3EB22CAE32400BB4C2C /* ViewController.swift */,
				EF45F3ED22CAE32400BB4C2C /* Main.storyboard */,
				EF45F3F322CAE32500BB4C2C /* Assets.xcassets */,
				EF45F3F522CAE32500BB4C2C /* LaunchScreen.storyboard */,
				EF45F3F822CAE32500BB4C2C /* Info.plist */,
				EF45F3F022CAE32400BB4C2C /* SliderSample.xcdatamodeld */,
			);
			path = SliderSample;
			sourceTree = "<group>";
		};
/* End PBXGroup section */

/* Begin PBXNativeTarget section */
		EF45F3E522CAE32400BB4C2C /* SliderSample */ = {
			isa = PBXNativeTarget;
			buildConfigurationList = EF45F3FB22CAE32500BB4C2C /* Build configuration list for PBXNativeTarget "SliderSample" */;
			buildPhases = (
				F5D8011D458E3372A12BE944 /* [CP] Check Pods Manifest.lock */,
				EF45F3E222CAE32400BB4C2C /* Sources */,
				EF45F3E322CAE32400BB4C2C /* Frameworks */,
				EF45F3E422CAE32400BB4C2C /* Resources */,
				CBAFBBCFD7183A906F00040A /* [CP] Embed Pods Frameworks */,
			);
			buildRules = (
			);
			dependencies = (
			);
			name = SliderSample;
			productName = SliderSample;
			productReference = EF45F3E622CAE32400BB4C2C /* SliderSample.app */;
			productType = "com.apple.product-type.application";
		};
/* End PBXNativeTarget section */

/* Begin PBXProject section */
		EF45F3DE22CAE32400BB4C2C /* Project object */ = {
			isa = PBXProject;
			attributes = {
				LastSwiftUpdateCheck = 1020;
				LastUpgradeCheck = 1020;
				ORGANIZATIONNAME = com.nagai;
				TargetAttributes = {
					EF45F3E522CAE32400BB4C2C = {
						CreatedOnToolsVersion = 10.2.1;
					};
				};
			};
			buildConfigurationList = EF45F3E122CAE32400BB4C2C /* Build configuration list for PBXProject "SliderSample" */;
			compatibilityVersion = "Xcode 9.3";
			developmentRegion = en;
			hasScannedForEncodings = 0;
			knownRegions = (
				en,
				Base,
			);
			mainGroup = EF45F3DD22CAE32400BB4C2C;
			productRefGroup = EF45F3E722CAE32400BB4C2C /* Products */;
			projectDirPath = "";
			projectRoot = "";
			targets = (
				EF45F3E522CAE32400BB4C2C /* SliderSample */,
			);
		};
/* End PBXProject section */

/* Begin PBXResourcesBuildPhase section */
		EF45F3E422CAE32400BB4C2C /* Resources */ = {
			isa = PBXResourcesBuildPhase;
			buildActionMask = 2147483647;
			files = (
				EF45F3F722CAE32500BB4C2C /* LaunchScreen.storyboard in Resources */,
				EF45F3F422CAE32500BB4C2C /* Assets.xcassets in Resources */,
				EF45F3EF22CAE32400BB4C2C /* Main.storyboard in Resources */,
			);
			runOnlyForDeploymentPostprocessing = 0;
		};
/* End PBXResourcesBuildPhase section */

/* Begin PBXShellScriptBuildPhase section */
		CBAFBBCFD7183A906F00040A /* [CP] Embed Pods Frameworks */ = {
			isa = PBXShellScriptBuildPhase;
			buildActionMask = 2147483647;
			files = (
			);
			inputPaths = (
				"${SRCROOT}/Pods/Target Support Files/Pods-SliderSample/Pods-SliderSample-frameworks.sh",
				"${BUILT_PRODUCTS_DIR}/fluid-slider/fluid_slider.framework",
				"${BUILT_PRODUCTS_DIR}/pop/pop.framework",
			);
			name = "[CP] Embed Pods Frameworks";
			outputPaths = (
				"${TARGET_BUILD_DIR}/${FRAMEWORKS_FOLDER_PATH}/fluid_slider.framework",
				"${TARGET_BUILD_DIR}/${FRAMEWORKS_FOLDER_PATH}/pop.framework",
			);
			runOnlyForDeploymentPostprocessing = 0;
			shellPath = /bin/sh;
			shellScript = "\"${SRCROOT}/Pods/Target Support Files/Pods-SliderSample/Pods-SliderSample-frameworks.sh\"\n";
			showEnvVarsInLog = 0;
		};
		F5D8011D458E3372A12BE944 /* [CP] Check Pods Manifest.lock */ = {
			isa = PBXShellScriptBuildPhase;
			buildActionMask = 2147483647;
			files = (
			);
			inputPaths = (
				"${PODS_PODFILE_DIR_PATH}/Podfile.lock",
				"${PODS_ROOT}/Manifest.lock",
			);
			name = "[CP] Check Pods Manifest.lock";
			outputPaths = (
				"$(DERIVED_FILE_DIR)/Pods-SliderSample-checkManifestLockResult.txt",
			);
			runOnlyForDeploymentPostprocessing = 0;
			shellPath = /bin/sh;
			shellScript = "diff \"${PODS_PODFILE_DIR_PATH}/Podfile.lock\" \"${PODS_ROOT}/Manifest.lock\" > /dev/null\nif [ $? != 0 ] ; then\n    # print error to STDERR\n    echo \"error: The sandbox is not in sync with the Podfile.lock. Run 'pod install' or update your CocoaPods installation.\" >&2\n    exit 1\nfi\n# This output is used by Xcode 'outputs' to avoid re-running this script phase.\necho \"SUCCESS\" > \"${SCRIPT_OUTPUT_FILE_0}\"\n";
			showEnvVarsInLog = 0;
		};
/* End PBXShellScriptBuildPhase section */

/* Begin PBXSourcesBuildPhase section */
		EF45F3E222CAE32400BB4C2C /* Sources */ = {
			isa = PBXSourcesBuildPhase;
			buildActionMask = 2147483647;
			files = (
				EF45F3EC22CAE32400BB4C2C /* ViewController.swift in Sources */,
				EF45F3EA22CAE32400BB4C2C /* AppDelegate.swift in Sources */,
				EF45F3F222CAE32400BB4C2C /* SliderSample.xcdatamodeld in Sources */,
			);
			runOnlyForDeploymentPostprocessing = 0;
		};
/* End PBXSourcesBuildPhase section */

/* Begin PBXVariantGroup section */
		EF45F3ED22CAE32400BB4C2C /* Main.storyboard */ = {
			isa = PBXVariantGroup;
			children = (
				EF45F3EE22CAE32400BB4C2C /* Base */,
			);
			name = Main.storyboard;
			sourceTree = "<group>";
		};
		EF45F3F522CAE32500BB4C2C /* LaunchScreen.storyboard */ = {
			isa = PBXVariantGroup;
			children = (
				EF45F3F622CAE32500BB4C2C /* Base */,
			);
			name = LaunchScreen.storyboard;
			sourceTree = "<group>";
		};
/* End PBXVariantGroup section */

/* Begin XCBuildConfiguration section */
		EF45F3F922CAE32500BB4C2C /* Debug */ = {
			isa = XCBuildConfiguration;
			buildSettings = {
				ALWAYS_SEARCH_USER_PATHS = NO;
				CLANG_ANALYZER_NONNULL = YES;
				CLANG_ANALYZER_NUMBER_OBJECT_CONVERSION = YES_AGGRESSIVE;
				CLANG_CXX_LANGUAGE_STANDARD = "gnu++14";
				CLANG_CXX_LIBRARY = "libc++";
				CLANG_ENABLE_MODULES = YES;
				CLANG_ENABLE_OBJC_ARC = YES;
				CLANG_ENABLE_OBJC_WEAK = YES;
				CLANG_WARN_BLOCK_CAPTURE_AUTORELEASING = YES;
				CLANG_WARN_BOOL_CONVERSION = YES;
				CLANG_WARN_COMMA = YES;
				CLANG_WARN_CONSTANT_CONVERSION = YES;
				CLANG_WARN_DEPRECATED_OBJC_IMPLEMENTATIONS = YES;
				CLANG_WARN_DIRECT_OBJC_ISA_USAGE = YES_ERROR;
				CLANG_WARN_DOCUMENTATION_COMMENTS = YES;
				CLANG_WARN_EMPTY_BODY = YES;
				CLANG_WARN_ENUM_CONVERSION = YES;
				CLANG_WARN_INFINITE_RECURSION = YES;
				CLANG_WARN_INT_CONVERSION = YES;
				CLANG_WARN_NON_LITERAL_NULL_CONVERSION = YES;
				CLANG_WARN_OBJC_IMPLICIT_RETAIN_SELF = YES;
				CLANG_WARN_OBJC_LITERAL_CONVERSION = YES;
				CLANG_WARN_OBJC_ROOT_CLASS = YES_ERROR;
				CLANG_WARN_RANGE_LOOP_ANALYSIS = YES;
				CLANG_WARN_STRICT_PROTOTYPES = YES;
				CLANG_WARN_SUSPICIOUS_MOVE = YES;
				CLANG_WARN_UNGUARDED_AVAILABILITY = YES_AGGRESSIVE;
				CLANG_WARN_UNREACHABLE_CODE = YES;
				CLANG_WARN__DUPLICATE_METHOD_MATCH = YES;
				CODE_SIGN_IDENTITY = "iPhone Developer";
				COPY_PHASE_STRIP = NO;
				DEBUG_INFORMATION_FORMAT = dwarf;
				ENABLE_STRICT_OBJC_MSGSEND = YES;
				ENABLE_TESTABILITY = YES;
				GCC_C_LANGUAGE_STANDARD = gnu11;
				GCC_DYNAMIC_NO_PIC = NO;
				GCC_NO_COMMON_BLOCKS = YES;
				GCC_OPTIMIZATION_LEVEL = 0;
				GCC_PREPROCESSOR_DEFINITIONS = (
					"DEBUG=1",
					"$(inherited)",
				);
				GCC_WARN_64_TO_32_BIT_CONVERSION = YES;
				GCC_WARN_ABOUT_RETURN_TYPE = YES_ERROR;
				GCC_WARN_UNDECLARED_SELECTOR = YES;
				GCC_WARN_UNINITIALIZED_AUTOS = YES_AGGRESSIVE;
				GCC_WARN_UNUSED_FUNCTION = YES;
				GCC_WARN_UNUSED_VARIABLE = YES;
				IPHONEOS_DEPLOYMENT_TARGET = 12.2;
				MTL_ENABLE_DEBUG_INFO = INCLUDE_SOURCE;
				MTL_FAST_MATH = YES;
				ONLY_ACTIVE_ARCH = YES;
				SDKROOT = iphoneos;
				SWIFT_ACTIVE_COMPILATION_CONDITIONS = DEBUG;
				SWIFT_OPTIMIZATION_LEVEL = "-Onone";
			};
			name = Debug;
		};
		EF45F3FA22CAE32500BB4C2C /* Release */ = {
			isa = XCBuildConfiguration;
			buildSettings = {
				ALWAYS_SEARCH_USER_PATHS = NO;
				CLANG_ANALYZER_NONNULL = YES;
				CLANG_ANALYZER_NUMBER_OBJECT_CONVERSION = YES_AGGRESSIVE;
				CLANG_CXX_LANGUAGE_STANDARD = "gnu++14";
				CLANG_CXX_LIBRARY = "libc++";
				CLANG_ENABLE_MODULES = YES;
				CLANG_ENABLE_OBJC_ARC = YES;
				CLANG_ENABLE_OBJC_WEAK = YES;
				CLANG_WARN_BLOCK_CAPTURE_AUTORELEASING = YES;
				CLANG_WARN_BOOL_CONVERSION = YES;
				CLANG_WARN_COMMA = YES;
				CLANG_WARN_CONSTANT_CONVERSION = YES;
				CLANG_WARN_DEPRECATED_OBJC_IMPLEMENTATIONS = YES;
				CLANG_WARN_DIRECT_OBJC_ISA_USAGE = YES_ERROR;
				CLANG_WARN_DOCUMENTATION_COMMENTS = YES;
				CLANG_WARN_EMPTY_BODY = YES;
				CLANG_WARN_ENUM_CONVERSION = YES;
				CLANG_WARN_INFINITE_RECURSION = YES;
				CLANG_WARN_INT_CONVERSION = YES;
				CLANG_WARN_NON_LITERAL_NULL_CONVERSION = YES;
				CLANG_WARN_OBJC_IMPLICIT_RETAIN_SELF = YES;
				CLANG_WARN_OBJC_LITERAL_CONVERSION = YES;
				CLANG_WARN_OBJC_ROOT_CLASS = YES_ERROR;
				CLANG_WARN_RANGE_LOOP_ANALYSIS = YES;
				CLANG_WARN_STRICT_PROTOTYPES = YES;
				CLANG_WARN_SUSPICIOUS_MOVE = YES;
				CLANG_WARN_UNGUARDED_AVAILABILITY = YES_AGGRESSIVE;
				CLANG_WARN_UNREACHABLE_CODE = YES;
				CLANG_WARN__DUPLICATE_METHOD_MATCH = YES;
				CODE_SIGN_IDENTITY = "iPhone Developer";
				COPY_PHASE_STRIP = NO;
				DEBUG_INFORMATION_FORMAT = "dwarf-with-dsym";
				ENABLE_NS_ASSERTIONS = NO;
				ENABLE_STRICT_OBJC_MSGSEND = YES;
				GCC_C_LANGUAGE_STANDARD = gnu11;
				GCC_NO_COMMON_BLOCKS = YES;
				GCC_WARN_64_TO_32_BIT_CONVERSION = YES;
				GCC_WARN_ABOUT_RETURN_TYPE = YES_ERROR;
				GCC_WARN_UNDECLARED_SELECTOR = YES;
				GCC_WARN_UNINITIALIZED_AUTOS = YES_AGGRESSIVE;
				GCC_WARN_UNUSED_FUNCTION = YES;
				GCC_WARN_UNUSED_VARIABLE = YES;
				IPHONEOS_DEPLOYMENT_TARGET = 12.2;
				MTL_ENABLE_DEBUG_INFO = NO;
				MTL_FAST_MATH = YES;
				SDKROOT = iphoneos;
				SWIFT_COMPILATION_MODE = wholemodule;
				SWIFT_OPTIMIZATION_LEVEL = "-O";
				VALIDATE_PRODUCT = YES;
			};
			name = Release;
		};
		EF45F3FC22CAE32500BB4C2C /* Debug */ = {
			isa = XCBuildConfiguration;
			baseConfigurationReference = A5C14F6E17D300DC976D818E /* Pods-SliderSample.debug.xcconfig */;
			buildSettings = {
				ASSETCATALOG_COMPILER_APPICON_NAME = AppIcon;
				CODE_SIGN_STYLE = Automatic;
				DEVELOPMENT_TEAM = ZMM4WWA6BY;
				INFOPLIST_FILE = SliderSample/Info.plist;
				LD_RUNPATH_SEARCH_PATHS = "$(inherited) @executable_path/Frameworks";
				PRODUCT_BUNDLE_IDENTIFIER = com.nagai.SliderSample;
				PRODUCT_NAME = "$(TARGET_NAME)";
				SWIFT_VERSION = 5.0;
				TARGETED_DEVICE_FAMILY = "1,2";
			};
			name = Debug;
		};
		EF45F3FD22CAE32500BB4C2C /* Release */ = {
			isa = XCBuildConfiguration;
			baseConfigurationReference = 000A6F1B1F9DF910EA9A7CAA /* Pods-SliderSample.release.xcconfig */;
			buildSettings = {
				ASSETCATALOG_COMPILER_APPICON_NAME = AppIcon;
				CODE_SIGN_STYLE = Automatic;
				DEVELOPMENT_TEAM = ZMM4WWA6BY;
				INFOPLIST_FILE = SliderSample/Info.plist;
				LD_RUNPATH_SEARCH_PATHS = "$(inherited) @executable_path/Frameworks";
				PRODUCT_BUNDLE_IDENTIFIER = com.nagai.SliderSample;
				PRODUCT_NAME = "$(TARGET_NAME)";
				SWIFT_VERSION = 5.0;
				TARGETED_DEVICE_FAMILY = "1,2";
			};
			name = Release;
		};
/* End XCBuildConfiguration section */

/* Begin XCConfigurationList section */
		EF45F3E122CAE32400BB4C2C /* Build configuration list for PBXProject "SliderSample" */ = {
			isa = XCConfigurationList;
			buildConfigurations = (
				EF45F3F922CAE32500BB4C2C /* Debug */,
				EF45F3FA22CAE32500BB4C2C /* Release */,
			);
			defaultConfigurationIsVisible = 0;
			defaultConfigurationName = Release;
		};
		EF45F3FB22CAE32500BB4C2C /* Build configuration list for PBXNativeTarget "SliderSample" */ = {
			isa = XCConfigurationList;
			buildConfigurations = (
				EF45F3FC22CAE32500BB4C2C /* Debug */,
				EF45F3FD22CAE32500BB4C2C /* Release */,
			);
			defaultConfigurationIsVisible = 0;
			defaultConfigurationName = Release;
		};
/* End XCConfigurationList section */

/* Begin XCVersionGroup section */
		EF45F3F022CAE32400BB4C2C /* SliderSample.xcdatamodeld */ = {
			isa = XCVersionGroup;
			children = (
				EF45F3F122CAE32400BB4C2C /* SliderSample.xcdatamodel */,
			);
			currentVersion = EF45F3F122CAE32400BB4C2C /* SliderSample.xcdatamodel */;
			path = SliderSample.xcdatamodeld;
			sourceTree = "<group>";
			versionGroupType = wrapper.xcdatamodel;
		};
/* End XCVersionGroup section */
	};
	rootObject = EF45F3DE22CAE32400BB4C2C /* Project object */;
}
